
Microsoft Visual Studio Solution File, Format Version 12.00
# Visual Studio Version 17
VisualStudioVersion = 17.11.35222.181
MinimumVisualStudioVersion = 10.0.40219.1
Project("{FAE04EC0-301F-11D3-BF4B-00C04F79EFBC}") = "OrderProcessing.Core", "OrderProcessing.Core\OrderProcessing.Core.csproj", "{0C679743-2D75-4ADD-82BA-BE674B8B030D}"
EndProject
Project("{FAE04EC0-301F-11D3-BF4B-00C04F79EFBC}") = "OrderProcessing.Tests", "OrderProcessing.Tests\OrderProcessing.Tests.csproj", "{45E81FE1-137E-4C60-AD35-5E70A76E6455}"
EndProject
Global
	GlobalSection(SolutionConfigurationPlatforms) = preSolution
		Debug|Any CPU = Debug|Any CPU
		Release|Any CPU = Release|Any CPU
	EndGlobalSection
	GlobalSection(ProjectConfigurationPlatforms) = postSolution
		{0C679743-2D75-4ADD-82BA-BE674B8B030D}.Debug|Any CPU.ActiveCfg = Debug|Any CPU
		{0C679743-2D75-4ADD-82BA-BE674B8B030D}.Debug|Any CPU.Build.0 = Debug|Any CPU
		{0C679743-2D75-4ADD-82BA-BE674B8B030D}.Release|Any CPU.ActiveCfg = Release|Any CPU
		{0C679743-2D75-4ADD-82BA-BE674B8B030D}.Release|Any CPU.Build.0 = Release|Any CPU
		{45E81FE1-137E-4C60-AD35-5E70A76E6455}.Debug|Any CPU.ActiveCfg = Debug|Any CPU
		{45E81FE1-137E-4C60-AD35-5E70A76E6455}.Debug|Any CPU.Build.0 = Debug|Any CPU
		{45E81FE1-137E-4C60-AD35-5E70A76E6455}.Release|Any CPU.ActiveCfg = Release|Any CPU
		{45E81FE1-137E-4C60-AD35-5E70A76E6455}.Release|Any CPU.Build.0 = Release|Any CPU
	EndGlobalSection
	GlobalSection(SolutionProperties) = preSolution
		HideSolutionNode = FALSE
	EndGlobalSection
	GlobalSection(ExtensibilityGlobals) = postSolution
		SolutionGuid = {0FB18F4B-8CC5-4D14-86E4-E3D6A4E4E5B0}
	EndGlobalSection
EndGlobal
